// !$*UTF8*$!
{
	archiveVersion = 1;
	classes = {
	};
	objectVersion = 46;
	objects = {

/* Begin PBXBuildFile section */
		21C50F611DF240B75DBD687D /* Pods_ParseChat.framework in Frameworks */ = {isa = PBXBuildFile; fileRef = B53DAE7EE31F527D36023B9E /* Pods_ParseChat.framework */; };
		30116584B99805DF2A3BAD5A /* Pods_ParseChatTests.framework in Frameworks */ = {isa = PBXBuildFile; fileRef = 1A289A98C6CD52F392B1361E /* Pods_ParseChatTests.framework */; };
		39C7D677ACCA6E05DED7A790 /* Pods_ParseChatUITests.framework in Frameworks */ = {isa = PBXBuildFile; fileRef = 1C63CD85BD1358905CC2910B /* Pods_ParseChatUITests.framework */; };
		D832C0B51F01724100A44015 /* AppDelegate.swift in Sources */ = {isa = PBXBuildFile; fileRef = D832C0B41F01724100A44015 /* AppDelegate.swift */; };
		D832C0B71F01724100A44015 /* ViewController.swift in Sources */ = {isa = PBXBuildFile; fileRef = D832C0B61F01724100A44015 /* ViewController.swift */; };
		D832C0BA1F01724100A44015 /* Main.storyboard in Resources */ = {isa = PBXBuildFile; fileRef = D832C0B81F01724100A44015 /* Main.storyboard */; };
		D832C0BC1F01724100A44015 /* Assets.xcassets in Resources */ = {isa = PBXBuildFile; fileRef = D832C0BB1F01724100A44015 /* Assets.xcassets */; };
		D832C0BF1F01724100A44015 /* LaunchScreen.storyboard in Resources */ = {isa = PBXBuildFile; fileRef = D832C0BD1F01724100A44015 /* LaunchScreen.storyboard */; };
		D832C0CA1F01724100A44015 /* ParseChatTests.swift in Sources */ = {isa = PBXBuildFile; fileRef = D832C0C91F01724100A44015 /* ParseChatTests.swift */; };
		D832C0D51F01724100A44015 /* ParseChatUITests.swift in Sources */ = {isa = PBXBuildFile; fileRef = D832C0D41F01724100A44015 /* ParseChatUITests.swift */; };
/* End PBXBuildFile section */

/* Begin PBXContainerItemProxy section */
		D832C0C61F01724100A44015 /* PBXContainerItemProxy */ = {
			isa = PBXContainerItemProxy;
			containerPortal = D832C0A91F01724100A44015 /* Project object */;
			proxyType = 1;
			remoteGlobalIDString = D832C0B01F01724100A44015;
			remoteInfo = ParseChat;
		};
		D832C0D11F01724100A44015 /* PBXContainerItemProxy */ = {
			isa = PBXContainerItemProxy;
			containerPortal = D832C0A91F01724100A44015 /* Project object */;
			proxyType = 1;
			remoteGlobalIDString = D832C0B01F01724100A44015;
			remoteInfo = ParseChat;
		};
/* End PBXContainerItemProxy section */

/* Begin PBXFileReference section */
		1A289A98C6CD52F392B1361E /* Pods_ParseChatTests.framework */ = {isa = PBXFileReference; explicitFileType = wrapper.framework; includeInIndex = 0; path = Pods_ParseChatTests.framework; sourceTree = BUILT_PRODUCTS_DIR; };
		1C63CD85BD1358905CC2910B /* Pods_ParseChatUITests.framework */ = {isa = PBXFileReference; explicitFileType = wrapper.framework; includeInIndex = 0; path = Pods_ParseChatUITests.framework; sourceTree = BUILT_PRODUCTS_DIR; };
		2C934C2C377BA7EB5844E6F6 /* Pods-ParseChat.release.xcconfig */ = {isa = PBXFileReference; includeInIndex = 1; lastKnownFileType = text.xcconfig; name = "Pods-ParseChat.release.xcconfig"; path = "Pods/Target Support Files/Pods-ParseChat/Pods-ParseChat.release.xcconfig"; sourceTree = "<group>"; };
		8833B61C8DD5AA95617B0EEB /* Pods-ParseChatTests.debug.xcconfig */ = {isa = PBXFileReference; includeInIndex = 1; lastKnownFileType = text.xcconfig; name = "Pods-ParseChatTests.debug.xcconfig"; path = "Pods/Target Support Files/Pods-ParseChatTests/Pods-ParseChatTests.debug.xcconfig"; sourceTree = "<group>"; };
		8D063256F0012F7F44A48B0C /* Pods-ParseChatUITests.debug.xcconfig */ = {isa = PBXFileReference; includeInIndex = 1; lastKnownFileType = text.xcconfig; name = "Pods-ParseChatUITests.debug.xcconfig"; path = "Pods/Target Support Files/Pods-ParseChatUITests/Pods-ParseChatUITests.debug.xcconfig"; sourceTree = "<group>"; };
		9F7686F88D174BE1B1F839B0 /* Pods-ParseChat.debug.xcconfig */ = {isa = PBXFileReference; includeInIndex = 1; lastKnownFileType = text.xcconfig; name = "Pods-ParseChat.debug.xcconfig"; path = "Pods/Target Support Files/Pods-ParseChat/Pods-ParseChat.debug.xcconfig"; sourceTree = "<group>"; };
		B53DAE7EE31F527D36023B9E /* Pods_ParseChat.framework */ = {isa = PBXFileReference; explicitFileType = wrapper.framework; includeInIndex = 0; path = Pods_ParseChat.framework; sourceTree = BUILT_PRODUCTS_DIR; };
		D832C0B11F01724100A44015 /* ParseChat.app */ = {isa = PBXFileReference; explicitFileType = wrapper.application; includeInIndex = 0; path = ParseChat.app; sourceTree = BUILT_PRODUCTS_DIR; };
		D832C0B41F01724100A44015 /* AppDelegate.swift */ = {isa = PBXFileReference; lastKnownFileType = sourcecode.swift; path = AppDelegate.swift; sourceTree = "<group>"; };
		D832C0B61F01724100A44015 /* ViewController.swift */ = {isa = PBXFileReference; lastKnownFileType = sourcecode.swift; path = ViewController.swift; sourceTree = "<group>"; };
		D832C0B91F01724100A44015 /* Base */ = {isa = PBXFileReference; lastKnownFileType = file.storyboard; name = Base; path = Base.lproj/Main.storyboard; sourceTree = "<group>"; };
		D832C0BB1F01724100A44015 /* Assets.xcassets */ = {isa = PBXFileReference; lastKnownFileType = folder.assetcatalog; path = Assets.xcassets; sourceTree = "<group>"; };
		D832C0BE1F01724100A44015 /* Base */ = {isa = PBXFileReference; lastKnownFileType = file.storyboard; name = Base; path = Base.lproj/LaunchScreen.storyboard; sourceTree = "<group>"; };
		D832C0C01F01724100A44015 /* Info.plist */ = {isa = PBXFileReference; lastKnownFileType = text.plist.xml; path = Info.plist; sourceTree = "<group>"; };
		D832C0C51F01724100A44015 /* ParseChatTests.xctest */ = {isa = PBXFileReference; explicitFileType = wrapper.cfbundle; includeInIndex = 0; path = ParseChatTests.xctest; sourceTree = BUILT_PRODUCTS_DIR; };
		D832C0C91F01724100A44015 /* ParseChatTests.swift */ = {isa = PBXFileReference; lastKnownFileType = sourcecode.swift; path = ParseChatTests.swift; sourceTree = "<group>"; };
		D832C0CB1F01724100A44015 /* Info.plist */ = {isa = PBXFileReference; lastKnownFileType = text.plist.xml; path = Info.plist; sourceTree = "<group>"; };
		D832C0D01F01724100A44015 /* ParseChatUITests.xctest */ = {isa = PBXFileReference; explicitFileType = wrapper.cfbundle; includeInIndex = 0; path = ParseChatUITests.xctest; sourceTree = BUILT_PRODUCTS_DIR; };
		D832C0D41F01724100A44015 /* ParseChatUITests.swift */ = {isa = PBXFileReference; lastKnownFileType = sourcecode.swift; path = ParseChatUITests.swift; sourceTree = "<group>"; };
		D832C0D61F01724100A44015 /* Info.plist */ = {isa = PBXFileReference; lastKnownFileType = text.plist.xml; path = Info.plist; sourceTree = "<group>"; };
		DB3B8218337519EAB509CEED /* Pods-ParseChatUITests.release.xcconfig */ = {isa = PBXFileReference; includeInIndex = 1; lastKnownFileType = text.xcconfig; name = "Pods-ParseChatUITests.release.xcconfig"; path = "Pods/Target Support Files/Pods-ParseChatUITests/Pods-ParseChatUITests.release.xcconfig"; sourceTree = "<group>"; };
		FA6A6294BDC5C35938F7FFFD /* Pods-ParseChatTests.release.xcconfig */ = {isa = PBXFileReference; includeInIndex = 1; lastKnownFileType = text.xcconfig; name = "Pods-ParseChatTests.release.xcconfig"; path = "Pods/Target Support Files/Pods-ParseChatTests/Pods-ParseChatTests.release.xcconfig"; sourceTree = "<group>"; };
/* End PBXFileReference section */

/* Begin PBXFrameworksBuildPhase section */
		D832C0AE1F01724100A44015 /* Frameworks */ = {
			isa = PBXFrameworksBuildPhase;
			buildActionMask = 2147483647;
			files = (
				21C50F611DF240B75DBD687D /* Pods_ParseChat.framework in Frameworks */,
			);
			runOnlyForDeploymentPostprocessing = 0;
		};
		D832C0C21F01724100A44015 /* Frameworks */ = {
			isa = PBXFrameworksBuildPhase;
			buildActionMask = 2147483647;
			files = (
				30116584B99805DF2A3BAD5A /* Pods_ParseChatTests.framework in Frameworks */,
			);
			runOnlyForDeploymentPostprocessing = 0;
		};
		D832C0CD1F01724100A44015 /* Frameworks */ = {
			isa = PBXFrameworksBuildPhase;
			buildActionMask = 2147483647;
			files = (
				39C7D677ACCA6E05DED7A790 /* Pods_ParseChatUITests.framework in Frameworks */,
			);
			runOnlyForDeploymentPostprocessing = 0;
		};
/* End PBXFrameworksBuildPhase section */

/* Begin PBXGroup section */
		05271887B25CE70E077A803C /* Frameworks */ = {
			isa = PBXGroup;
			children = (
				B53DAE7EE31F527D36023B9E /* Pods_ParseChat.framework */,
				1A289A98C6CD52F392B1361E /* Pods_ParseChatTests.framework */,
				1C63CD85BD1358905CC2910B /* Pods_ParseChatUITests.framework */,
			);
			name = Frameworks;
			sourceTree = "<group>";
		};
		2A1482603203204E0929E03A /* Pods */ = {
			isa = PBXGroup;
			children = (
				9F7686F88D174BE1B1F839B0 /* Pods-ParseChat.debug.xcconfig */,
				2C934C2C377BA7EB5844E6F6 /* Pods-ParseChat.release.xcconfig */,
				8833B61C8DD5AA95617B0EEB /* Pods-ParseChatTests.debug.xcconfig */,
				FA6A6294BDC5C35938F7FFFD /* Pods-ParseChatTests.release.xcconfig */,
				8D063256F0012F7F44A48B0C /* Pods-ParseChatUITests.debug.xcconfig */,
				DB3B8218337519EAB509CEED /* Pods-ParseChatUITests.release.xcconfig */,
			);
			name = Pods;
			sourceTree = "<group>";
		};
		D832C0A81F01724100A44015 = {
			isa = PBXGroup;
			children = (
				D832C0B31F01724100A44015 /* ParseChat */,
				D832C0C81F01724100A44015 /* ParseChatTests */,
				D832C0D31F01724100A44015 /* ParseChatUITests */,
				D832C0B21F01724100A44015 /* Products */,
				2A1482603203204E0929E03A /* Pods */,
				05271887B25CE70E077A803C /* Frameworks */,
			);
			sourceTree = "<group>";
		};
		D832C0B21F01724100A44015 /* Products */ = {
			isa = PBXGroup;
			children = (
				D832C0B11F01724100A44015 /* ParseChat.app */,
				D832C0C51F01724100A44015 /* ParseChatTests.xctest */,
				D832C0D01F01724100A44015 /* ParseChatUITests.xctest */,
			);
			name = Products;
			sourceTree = "<group>";
		};
		D832C0B31F01724100A44015 /* ParseChat */ = {
			isa = PBXGroup;
			children = (
				D832C0B41F01724100A44015 /* AppDelegate.swift */,
				D832C0B61F01724100A44015 /* ViewController.swift */,
				D832C0B81F01724100A44015 /* Main.storyboard */,
				D832C0BB1F01724100A44015 /* Assets.xcassets */,
				D832C0BD1F01724100A44015 /* LaunchScreen.storyboard */,
				D832C0C01F01724100A44015 /* Info.plist */,
			);
			path = ParseChat;
			sourceTree = "<group>";
		};
		D832C0C81F01724100A44015 /* ParseChatTests */ = {
			isa = PBXGroup;
			children = (
				D832C0C91F01724100A44015 /* ParseChatTests.swift */,
				D832C0CB1F01724100A44015 /* Info.plist */,
			);
			path = ParseChatTests;
			sourceTree = "<group>";
		};
		D832C0D31F01724100A44015 /* ParseChatUITests */ = {
			isa = PBXGroup;
			children = (
				D832C0D41F01724100A44015 /* ParseChatUITests.swift */,
				D832C0D61F01724100A44015 /* Info.plist */,
			);
			path = ParseChatUITests;
			sourceTree = "<group>";
		};
/* End PBXGroup section */

/* Begin PBXNativeTarget section */
		D832C0B01F01724100A44015 /* ParseChat */ = {
			isa = PBXNativeTarget;
			buildConfigurationList = D832C0D91F01724100A44015 /* Build configuration list for PBXNativeTarget "ParseChat" */;
			buildPhases = (
				CFD62C3731844A5854C02FEF /* [CP] Check Pods Manifest.lock */,
				D832C0AD1F01724100A44015 /* Sources */,
				D832C0AE1F01724100A44015 /* Frameworks */,
				D832C0AF1F01724100A44015 /* Resources */,
				04A5287CDB4CC66F69082258 /* [CP] Embed Pods Frameworks */,
				F02F3E5B197091C57494AADB /* [CP] Copy Pods Resources */,
			);
			buildRules = (
			);
			dependencies = (
			);
			name = ParseChat;
			productName = ParseChat;
			productReference = D832C0B11F01724100A44015 /* ParseChat.app */;
			productType = "com.apple.product-type.application";
		};
		D832C0C41F01724100A44015 /* ParseChatTests */ = {
			isa = PBXNativeTarget;
			buildConfigurationList = D832C0DC1F01724100A44015 /* Build configuration list for PBXNativeTarget "ParseChatTests" */;
			buildPhases = (
				48E41EA3127E8BF67C4DBABA /* [CP] Check Pods Manifest.lock */,
				D832C0C11F01724100A44015 /* Sources */,
				D832C0C21F01724100A44015 /* Frameworks */,
				D832C0C31F01724100A44015 /* Resources */,
				11F0F6DD8C1D0E1705C3D4FF /* [CP] Embed Pods Frameworks */,
				BB0EADF719086936FFC45CAD /* [CP] Copy Pods Resources */,
			);
			buildRules = (
			);
			dependencies = (
				D832C0C71F01724100A44015 /* PBXTargetDependency */,
			);
			name = ParseChatTests;
			productName = ParseChatTests;
			productReference = D832C0C51F01724100A44015 /* ParseChatTests.xctest */;
			productType = "com.apple.product-type.bundle.unit-test";
		};
		D832C0CF1F01724100A44015 /* ParseChatUITests */ = {
			isa = PBXNativeTarget;
			buildConfigurationList = D832C0DF1F01724100A44015 /* Build configuration list for PBXNativeTarget "ParseChatUITests" */;
			buildPhases = (
				E265A34355397BB1490D92CA /* [CP] Check Pods Manifest.lock */,
				D832C0CC1F01724100A44015 /* Sources */,
				D832C0CD1F01724100A44015 /* Frameworks */,
				D832C0CE1F01724100A44015 /* Resources */,
				744C5020889D395652737980 /* [CP] Embed Pods Frameworks */,
				AE01894A8E686FFDEA22D5F4 /* [CP] Copy Pods Resources */,
			);
			buildRules = (
			);
			dependencies = (
				D832C0D21F01724100A44015 /* PBXTargetDependency */,
			);
			name = ParseChatUITests;
			productName = ParseChatUITests;
			productReference = D832C0D01F01724100A44015 /* ParseChatUITests.xctest */;
			productType = "com.apple.product-type.bundle.ui-testing";
		};
/* End PBXNativeTarget section */

/* Begin PBXProject section */
		D832C0A91F01724100A44015 /* Project object */ = {
			isa = PBXProject;
			attributes = {
				LastSwiftUpdateCheck = 0830;
				LastUpgradeCheck = 0830;
				ORGANIZATIONNAME = "Marissa Bush";
				TargetAttributes = {
					D832C0B01F01724100A44015 = {
						CreatedOnToolsVersion = 8.3.2;
						DevelopmentTeam = 2Y7958BP2Q;
						ProvisioningStyle = Automatic;
					};
					D832C0C41F01724100A44015 = {
						CreatedOnToolsVersion = 8.3.2;
						DevelopmentTeam = 2Y7958BP2Q;
						ProvisioningStyle = Automatic;
						TestTargetID = D832C0B01F01724100A44015;
					};
					D832C0CF1F01724100A44015 = {
						CreatedOnToolsVersion = 8.3.2;
						DevelopmentTeam = 2Y7958BP2Q;
						ProvisioningStyle = Automatic;
						TestTargetID = D832C0B01F01724100A44015;
					};
				};
			};
			buildConfigurationList = D832C0AC1F01724100A44015 /* Build configuration list for PBXProject "ParseChat" */;
			compatibilityVersion = "Xcode 3.2";
			developmentRegion = English;
			hasScannedForEncodings = 0;
			knownRegions = (
				en,
				Base,
			);
			mainGroup = D832C0A81F01724100A44015;
			productRefGroup = D832C0B21F01724100A44015 /* Products */;
			projectDirPath = "";
			projectRoot = "";
			targets = (
				D832C0B01F01724100A44015 /* ParseChat */,
				D832C0C41F01724100A44015 /* ParseChatTests */,
				D832C0CF1F01724100A44015 /* ParseChatUITests */,
			);
		};
/* End PBXProject section */

/* Begin PBXResourcesBuildPhase section */
		D832C0AF1F01724100A44015 /* Resources */ = {
			isa = PBXResourcesBuildPhase;
			buildActionMask = 2147483647;
			files = (
				D832C0BF1F01724100A44015 /* LaunchScreen.storyboard in Resources */,
				D832C0BC1F01724100A44015 /* Assets.xcassets in Resources */,
				D832C0BA1F01724100A44015 /* Main.storyboard in Resources */,
			);
			runOnlyForDeploymentPostprocessing = 0;
		};
		D832C0C31F01724100A44015 /* Resources */ = {
			isa = PBXResourcesBuildPhase;
			buildActionMask = 2147483647;
			files = (
			);
			runOnlyForDeploymentPostprocessing = 0;
		};
		D832C0CE1F01724100A44015 /* Resources */ = {
			isa = PBXResourcesBuildPhase;
			buildActionMask = 2147483647;
			files = (
			);
			runOnlyForDeploymentPostprocessing = 0;
		};
/* End PBXResourcesBuildPhase section */

/* Begin PBXShellScriptBuildPhase section */
		04A5287CDB4CC66F69082258 /* [CP] Embed Pods Frameworks */ = {
			isa = PBXShellScriptBuildPhase;
			buildActionMask = 2147483647;
			files = (
			);
			inputPaths = (
			);
			name = "[CP] Embed Pods Frameworks";
			outputPaths = (
			);
			runOnlyForDeploymentPostprocessing = 0;
			shellPath = /bin/sh;
			shellScript = "\"${SRCROOT}/Pods/Target Support Files/Pods-ParseChat/Pods-ParseChat-frameworks.sh\"\n";
			showEnvVarsInLog = 0;
		};
		11F0F6DD8C1D0E1705C3D4FF /* [CP] Embed Pods Frameworks */ = {
			isa = PBXShellScriptBuildPhase;
			buildActionMask = 2147483647;
			files = (
			);
			inputPaths = (
			);
			name = "[CP] Embed Pods Frameworks";
			outputPaths = (
			);
			runOnlyForDeploymentPostprocessing = 0;
			shellPath = /bin/sh;
			shellScript = "\"${SRCROOT}/Pods/Target Support Files/Pods-ParseChatTests/Pods-ParseChatTests-frameworks.sh\"\n";
			showEnvVarsInLog = 0;
		};
		48E41EA3127E8BF67C4DBABA /* [CP] Check Pods Manifest.lock */ = {
			isa = PBXShellScriptBuildPhase;
			buildActionMask = 2147483647;
			files = (
			);
			inputPaths = (
			);
			name = "[CP] Check Pods Manifest.lock";
			outputPaths = (
			);
			runOnlyForDeploymentPostprocessing = 0;
			shellPath = /bin/sh;
			shellScript = "diff \"${PODS_PODFILE_DIR_PATH}/Podfile.lock\" \"${PODS_ROOT}/Manifest.lock\" > /dev/null\nif [ $? != 0 ] ; then\n    # print error to STDERR\n    echo \"error: The sandbox is not in sync with the Podfile.lock. Run 'pod install' or update your CocoaPods installation.\" >&2\n    exit 1\nfi\n";
			showEnvVarsInLog = 0;
		};
		744C5020889D395652737980 /* [CP] Embed Pods Frameworks */ = {
			isa = PBXShellScriptBuildPhase;
			buildActionMask = 2147483647;
			files = (
			);
			inputPaths = (
			);
			name = "[CP] Embed Pods Frameworks";
			outputPaths = (
			);
			runOnlyForDeploymentPostprocessing = 0;
			shellPath = /bin/sh;
			shellScript = "\"${SRCROOT}/Pods/Target Support Files/Pods-ParseChatUITests/Pods-ParseChatUITests-frameworks.sh\"\n";
			showEnvVarsInLog = 0;
		};
		AE01894A8E686FFDEA22D5F4 /* [CP] Copy Pods Resources */ = {
			isa = PBXShellScriptBuildPhase;
			buildActionMask = 2147483647;
			files = (
			);
			inputPaths = (
			);
			name = "[CP] Copy Pods Resources";
			outputPaths = (
			);
			runOnlyForDeploymentPostprocessing = 0;
			shellPath = /bin/sh;
			shellScript = "\"${SRCROOT}/Pods/Target Support Files/Pods-ParseChatUITests/Pods-ParseChatUITests-resources.sh\"\n";
			showEnvVarsInLog = 0;
		};
		BB0EADF719086936FFC45CAD /* [CP] Copy Pods Resources */ = {
			isa = PBXShellScriptBuildPhase;
			buildActionMask = 2147483647;
			files = (
			);
			inputPaths = (
			);
			name = "[CP] Copy Pods Resources";
			outputPaths = (
			);
			runOnlyForDeploymentPostprocessing = 0;
			shellPath = /bin/sh;
			shellScript = "\"${SRCROOT}/Pods/Target Support Files/Pods-ParseChatTests/Pods-ParseChatTests-resources.sh\"\n";
			showEnvVarsInLog = 0;
		};
		CFD62C3731844A5854C02FEF /* [CP] Check Pods Manifest.lock */ = {
			isa = PBXShellScriptBuildPhase;
			buildActionMask = 2147483647;
			files = (
			);
			inputPaths = (
			);
			name = "[CP] Check Pods Manifest.lock";
			outputPaths = (
			);
			runOnlyForDeploymentPostprocessing = 0;
			shellPath = /bin/sh;
			shellScript = "diff \"${PODS_PODFILE_DIR_PATH}/Podfile.lock\" \"${PODS_ROOT}/Manifest.lock\" > /dev/null\nif [ $? != 0 ] ; then\n    # print error to STDERR\n    echo \"error: The sandbox is not in sync with the Podfile.lock. Run 'pod install' or update your CocoaPods installation.\" >&2\n    exit 1\nfi\n";
			showEnvVarsInLog = 0;
		};
		E265A34355397BB1490D92CA /* [CP] Check Pods Manifest.lock */ = {
			isa = PBXShellScriptBuildPhase;
			buildActionMask = 2147483647;
			files = (
			);
			inputPaths = (
			);
			name = "[CP] Check Pods Manifest.lock";
			outputPaths = (
			);
			runOnlyForDeploymentPostprocessing = 0;
			shellPath = /bin/sh;
			shellScript = "diff \"${PODS_PODFILE_DIR_PATH}/Podfile.lock\" \"${PODS_ROOT}/Manifest.lock\" > /dev/null\nif [ $? != 0 ] ; then\n    # print error to STDERR\n    echo \"error: The sandbox is not in sync with the Podfile.lock. Run 'pod install' or update your CocoaPods installation.\" >&2\n    exit 1\nfi\n";
			showEnvVarsInLog = 0;
		};
		F02F3E5B197091C57494AADB /* [CP] Copy Pods Resources */ = {
			isa = PBXShellScriptBuildPhase;
			buildActionMask = 2147483647;
			files = (
			);
			inputPaths = (
			);
			name = "[CP] Copy Pods Resources";
			outputPaths = (
			);
			runOnlyForDeploymentPostprocessing = 0;
			shellPath = /bin/sh;
			shellScript = "\"${SRCROOT}/Pods/Target Support Files/Pods-ParseChat/Pods-ParseChat-resources.sh\"\n";
			showEnvVarsInLog = 0;
		};
/* End PBXShellScriptBuildPhase section */

/* Begin PBXSourcesBuildPhase section */
		D832C0AD1F01724100A44015 /* Sources */ = {
			isa = PBXSourcesBuildPhase;
			buildActionMask = 2147483647;
			files = (
				D832C0B71F01724100A44015 /* ViewController.swift in Sources */,
				D832C0B51F01724100A44015 /* AppDelegate.swift in Sources */,
			);
			runOnlyForDeploymentPostprocessing = 0;
		};
		D832C0C11F01724100A44015 /* Sources */ = {
			isa = PBXSourcesBuildPhase;
			buildActionMask = 2147483647;
			files = (
				D832C0CA1F01724100A44015 /* ParseChatTests.swift in Sources */,
			);
			runOnlyForDeploymentPostprocessing = 0;
		};
		D832C0CC1F01724100A44015 /* Sources */ = {
			isa = PBXSourcesBuildPhase;
			buildActionMask = 2147483647;
			files = (
				D832C0D51F01724100A44015 /* ParseChatUITests.swift in Sources */,
			);
			runOnlyForDeploymentPostprocessing = 0;
		};
/* End PBXSourcesBuildPhase section */

/* Begin PBXTargetDependency section */
		D832C0C71F01724100A44015 /* PBXTargetDependency */ = {
			isa = PBXTargetDependency;
			target = D832C0B01F01724100A44015 /* ParseChat */;
			targetProxy = D832C0C61F01724100A44015 /* PBXContainerItemProxy */;
		};
		D832C0D21F01724100A44015 /* PBXTargetDependency */ = {
			isa = PBXTargetDependency;
			target = D832C0B01F01724100A44015 /* ParseChat */;
			targetProxy = D832C0D11F01724100A44015 /* PBXContainerItemProxy */;
		};
/* End PBXTargetDependency section */

/* Begin PBXVariantGroup section */
		D832C0B81F01724100A44015 /* Main.storyboard */ = {
			isa = PBXVariantGroup;
			children = (
				D832C0B91F01724100A44015 /* Base */,
			);
			name = Main.storyboard;
			sourceTree = "<group>";
		};
		D832C0BD1F01724100A44015 /* LaunchScreen.storyboard */ = {
			isa = PBXVariantGroup;
			children = (
				D832C0BE1F01724100A44015 /* Base */,
			);
			name = LaunchScreen.storyboard;
			sourceTree = "<group>";
		};
/* End PBXVariantGroup section */

/* Begin XCBuildConfiguration section */
		D832C0D71F01724100A44015 /* Debug */ = {
			isa = XCBuildConfiguration;
			buildSettings = {
				ALWAYS_SEARCH_USER_PATHS = NO;
				CLANG_ANALYZER_NONNULL = YES;
				CLANG_ANALYZER_NUMBER_OBJECT_CONVERSION = YES_AGGRESSIVE;
				CLANG_CXX_LANGUAGE_STANDARD = "gnu++0x";
				CLANG_CXX_LIBRARY = "libc++";
				CLANG_ENABLE_MODULES = YES;
				CLANG_ENABLE_OBJC_ARC = YES;
				CLANG_WARN_BOOL_CONVERSION = YES;
				CLANG_WARN_CONSTANT_CONVERSION = YES;
				CLANG_WARN_DIRECT_OBJC_ISA_USAGE = YES_ERROR;
				CLANG_WARN_DOCUMENTATION_COMMENTS = YES;
				CLANG_WARN_EMPTY_BODY = YES;
				CLANG_WARN_ENUM_CONVERSION = YES;
				CLANG_WARN_INFINITE_RECURSION = YES;
				CLANG_WARN_INT_CONVERSION = YES;
				CLANG_WARN_OBJC_ROOT_CLASS = YES_ERROR;
				CLANG_WARN_SUSPICIOUS_MOVE = YES;
				CLANG_WARN_UNREACHABLE_CODE = YES;
				CLANG_WARN__DUPLICATE_METHOD_MATCH = YES;
				"CODE_SIGN_IDENTITY[sdk=iphoneos*]" = "iPhone Developer";
				COPY_PHASE_STRIP = NO;
				DEBUG_INFORMATION_FORMAT = dwarf;
				ENABLE_STRICT_OBJC_MSGSEND = YES;
				ENABLE_TESTABILITY = YES;
				GCC_C_LANGUAGE_STANDARD = gnu99;
				GCC_DYNAMIC_NO_PIC = NO;
				GCC_NO_COMMON_BLOCKS = YES;
				GCC_OPTIMIZATION_LEVEL = 0;
				GCC_PREPROCESSOR_DEFINITIONS = (
					"DEBUG=1",
					"$(inherited)",
				);
				GCC_WARN_64_TO_32_BIT_CONVERSION = YES;
				GCC_WARN_ABOUT_RETURN_TYPE = YES_ERROR;
				GCC_WARN_UNDECLARED_SELECTOR = YES;
				GCC_WARN_UNINITIALIZED_AUTOS = YES_AGGRESSIVE;
				GCC_WARN_UNUSED_FUNCTION = YES;
				GCC_WARN_UNUSED_VARIABLE = YES;
				IPHONEOS_DEPLOYMENT_TARGET = 10.3;
				MTL_ENABLE_DEBUG_INFO = YES;
				ONLY_ACTIVE_ARCH = YES;
				SDKROOT = iphoneos;
				SWIFT_ACTIVE_COMPILATION_CONDITIONS = DEBUG;
				SWIFT_OPTIMIZATION_LEVEL = "-Onone";
			};
			name = Debug;
		};
		D832C0D81F01724100A44015 /* Release */ = {
			isa = XCBuildConfiguration;
			buildSettings = {
				ALWAYS_SEARCH_USER_PATHS = NO;
				CLANG_ANALYZER_NONNULL = YES;
				CLANG_ANALYZER_NUMBER_OBJECT_CONVERSION = YES_AGGRESSIVE;
				CLANG_CXX_LANGUAGE_STANDARD = "gnu++0x";
				CLANG_CXX_LIBRARY = "libc++";
				CLANG_ENABLE_MODULES = YES;
				CLANG_ENABLE_OBJC_ARC = YES;
				CLANG_WARN_BOOL_CONVERSION = YES;
				CLANG_WARN_CONSTANT_CONVERSION = YES;
				CLANG_WARN_DIRECT_OBJC_ISA_USAGE = YES_ERROR;
				CLANG_WARN_DOCUMENTATION_COMMENTS = YES;
				CLANG_WARN_EMPTY_BODY = YES;
				CLANG_WARN_ENUM_CONVERSION = YES;
				CLANG_WARN_INFINITE_RECURSION = YES;
				CLANG_WARN_INT_CONVERSION = YES;
				CLANG_WARN_OBJC_ROOT_CLASS = YES_ERROR;
				CLANG_WARN_SUSPICIOUS_MOVE = YES;
				CLANG_WARN_UNREACHABLE_CODE = YES;
				CLANG_WARN__DUPLICATE_METHOD_MATCH = YES;
				"CODE_SIGN_IDENTITY[sdk=iphoneos*]" = "iPhone Developer";
				COPY_PHASE_STRIP = NO;
				DEBUG_INFORMATION_FORMAT = "dwarf-with-dsym";
				ENABLE_NS_ASSERTIONS = NO;
				ENABLE_STRICT_OBJC_MSGSEND = YES;
				GCC_C_LANGUAGE_STANDARD = gnu99;
				GCC_NO_COMMON_BLOCKS = YES;
				GCC_WARN_64_TO_32_BIT_CONVERSION = YES;
				GCC_WARN_ABOUT_RETURN_TYPE = YES_ERROR;
				GCC_WARN_UNDECLARED_SELECTOR = YES;
				GCC_WARN_UNINITIALIZED_AUTOS = YES_AGGRESSIVE;
				GCC_WARN_UNUSED_FUNCTION = YES;
				GCC_WARN_UNUSED_VARIABLE = YES;
				IPHONEOS_DEPLOYMENT_TARGET = 10.3;
				MTL_ENABLE_DEBUG_INFO = NO;
				SDKROOT = iphoneos;
				SWIFT_OPTIMIZATION_LEVEL = "-Owholemodule";
				VALIDATE_PRODUCT = YES;
			};
			name = Release;
		};
		D832C0DA1F01724100A44015 /* Debug */ = {
			isa = XCBuildConfiguration;
			baseConfigurationReference = 9F7686F88D174BE1B1F839B0 /* Pods-ParseChat.debug.xcconfig */;
			buildSettings = {
				ASSETCATALOG_COMPILER_APPICON_NAME = AppIcon;
				DEVELOPMENT_TEAM = 2Y7958BP2Q;
				INFOPLIST_FILE = ParseChat/Info.plist;
				LD_RUNPATH_SEARCH_PATHS = "$(inherited) @executable_path/Frameworks";
				PRODUCT_BUNDLE_IDENTIFIER = meeeee.ParseChat;
				PRODUCT_NAME = "$(TARGET_NAME)";
				SWIFT_VERSION = 3.0;
			};
			name = Debug;
		};
		D832C0DB1F01724100A44015 /* Release */ = {
			isa = XCBuildConfiguration;
			baseConfigurationReference = 2C934C2C377BA7EB5844E6F6 /* Pods-ParseChat.release.xcconfig */;
			buildSettings = {
				ASSETCATALOG_COMPILER_APPICON_NAME = AppIcon;
				DEVELOPMENT_TEAM = 2Y7958BP2Q;
				INFOPLIST_FILE = ParseChat/Info.plist;
				LD_RUNPATH_SEARCH_PATHS = "$(inherited) @executable_path/Frameworks";
				PRODUCT_BUNDLE_IDENTIFIER = meeeee.ParseChat;
				PRODUCT_NAME = "$(TARGET_NAME)";
				SWIFT_VERSION = 3.0;
			};
			name = Release;
		};
		D832C0DD1F01724100A44015 /* Debug */ = {
			isa = XCBuildConfiguration;
			baseConfigurationReference = 8833B61C8DD5AA95617B0EEB /* Pods-ParseChatTests.debug.xcconfig */;
			buildSettings = {
				ALWAYS_EMBED_SWIFT_STANDARD_LIBRARIES = YES;
				BUNDLE_LOADER = "$(TEST_HOST)";
				DEVELOPMENT_TEAM = 2Y7958BP2Q;
				INFOPLIST_FILE = ParseChatTests/Info.plist;
				LD_RUNPATH_SEARCH_PATHS = "$(inherited) @executable_path/Frameworks @loader_path/Frameworks";
				PRODUCT_BUNDLE_IDENTIFIER = meeeee.ParseChatTests;
				PRODUCT_NAME = "$(TARGET_NAME)";
				SWIFT_VERSION = 3.0;
				TEST_HOST = "$(BUILT_PRODUCTS_DIR)/ParseChat.app/ParseChat";
			};
			name = Debug;
		};
		D832C0DE1F01724100A44015 /* Release */ = {
			isa = XCBuildConfiguration;
			baseConfigurationReference = FA6A6294BDC5C35938F7FFFD /* Pods-ParseChatTests.release.xcconfig */;
			buildSettings = {
				ALWAYS_EMBED_SWIFT_STANDARD_LIBRARIES = YES;
				BUNDLE_LOADER = "$(TEST_HOST)";
				DEVELOPMENT_TEAM = 2Y7958BP2Q;
				INFOPLIST_FILE = ParseChatTests/Info.plist;
				LD_RUNPATH_SEARCH_PATHS = "$(inherited) @executable_path/Frameworks @loader_path/Frameworks";
				PRODUCT_BUNDLE_IDENTIFIER = meeeee.ParseChatTests;
				PRODUCT_NAME = "$(TARGET_NAME)";
				SWIFT_VERSION = 3.0;
				TEST_HOST = "$(BUILT_PRODUCTS_DIR)/ParseChat.app/ParseChat";
			};
			name = Release;
		};
		D832C0E01F01724100A44015 /* Debug */ = {
			isa = XCBuildConfiguration;
			baseConfigurationReference = 8D063256F0012F7F44A48B0C /* Pods-ParseChatUITests.debug.xcconfig */;
			buildSettings = {
				ALWAYS_EMBED_SWIFT_STANDARD_LIBRARIES = YES;
				DEVELOPMENT_TEAM = 2Y7958BP2Q;
				INFOPLIST_FILE = ParseChatUITests/Info.plist;
				LD_RUNPATH_SEARCH_PATHS = "$(inherited) @executable_path/Frameworks @loader_path/Frameworks";
				PRODUCT_BUNDLE_IDENTIFIER = meeeee.ParseChatUITests;
				PRODUCT_NAME = "$(TARGET_NAME)";
				SWIFT_VERSION = 3.0;
				TEST_TARGET_NAME = ParseChat;
			};
			name = Debug;
		};
		D832C0E11F01724100A44015 /* Release */ = {
			isa = XCBuildConfiguration;
			baseConfigurationReference = DB3B8218337519EAB509CEED /* Pods-ParseChatUITests.release.xcconfig */;
			buildSettings = {
				ALWAYS_EMBED_SWIFT_STANDARD_LIBRARIES = YES;
				DEVELOPMENT_TEAM = 2Y7958BP2Q;
				INFOPLIST_FILE = ParseChatUITests/Info.plist;
				LD_RUNPATH_SEARCH_PATHS = "$(inherited) @executable_path/Frameworks @loader_path/Frameworks";
				PRODUCT_BUNDLE_IDENTIFIER = meeeee.ParseChatUITests;
				PRODUCT_NAME = "$(TARGET_NAME)";
				SWIFT_VERSION = 3.0;
				TEST_TARGET_NAME = ParseChat;
			};
			name = Release;
		};
/* End XCBuildConfiguration section */

/* Begin XCConfigurationList section */
		D832C0AC1F01724100A44015 /* Build configuration list for PBXProject "ParseChat" */ = {
			isa = XCConfigurationList;
			buildConfigurations = (
				D832C0D71F01724100A44015 /* Debug */,
				D832C0D81F01724100A44015 /* Release */,
			);
			defaultConfigurationIsVisible = 0;
			defaultConfigurationName = Release;
		};
		D832C0D91F01724100A44015 /* Build configuration list for PBXNativeTarget "ParseChat" */ = {
			isa = XCConfigurationList;
			buildConfigurations = (
				D832C0DA1F01724100A44015 /* Debug */,
				D832C0DB1F01724100A44015 /* Release */,
			);
			defaultConfigurationIsVisible = 0;
		};
		D832C0DC1F01724100A44015 /* Build configuration list for PBXNativeTarget "ParseChatTests" */ = {
			isa = XCConfigurationList;
			buildConfigurations = (
				D832C0DD1F01724100A44015 /* Debug */,
				D832C0DE1F01724100A44015 /* Release */,
			);
			defaultConfigurationIsVisible = 0;
		};
		D832C0DF1F01724100A44015 /* Build configuration list for PBXNativeTarget "ParseChatUITests" */ = {
			isa = XCConfigurationList;
			buildConfigurations = (
				D832C0E01F01724100A44015 /* Debug */,
				D832C0E11F01724100A44015 /* Release */,
			);
			defaultConfigurationIsVisible = 0;
		};
/* End XCConfigurationList section */
	};
	rootObject = D832C0A91F01724100A44015 /* Project object */;
}
